
Microsoft Visual Studio Solution File, Format Version 12.00
# Visual Studio Version 17
VisualStudioVersion = 17.7.34031.279
MinimumVisualStudioVersion = 10.0.40219.1
Project("{9A19103F-16F7-4668-BE54-9A1E7A4F7556}") = "FpTakeANumberApp1", "FpTakeANumberApp1\FpTakeANumberApp1.csproj", "{A5F807C6-193B-4683-9A0D-2314BF47EEC9}"
EndProject
Global
	GlobalSection(SolutionConfigurationPlatforms) = preSolution
		Debug|Any CPU = Debug|Any CPU
		Release|Any CPU = Release|Any CPU
	EndGlobalSection
	GlobalSection(ProjectConfigurationPlatforms) = postSolution
		{A5F807C6-193B-4683-9A0D-2314BF47EEC9}.Debug|Any CPU.ActiveCfg = Debug|Any CPU
		{A5F807C6-193B-4683-9A0D-2314BF47EEC9}.Debug|Any CPU.Build.0 = Debug|Any CPU
		{A5F807C6-193B-4683-9A0D-2314BF47EEC9}.Release|Any CPU.ActiveCfg = Release|Any CPU
		{A5F807C6-193B-4683-9A0D-2314BF47EEC9}.Release|Any CPU.Build.0 = Release|Any CPU
	EndGlobalSection
	GlobalSection(SolutionProperties) = preSolution
		HideSolutionNode = FALSE
	EndGlobalSection
	GlobalSection(ExtensibilityGlobals) = postSolution
		SolutionGuid = {802D04E3-FBE0-4E59-AD2A-C7D339ECFFE4}
	EndGlobalSection
EndGlobal
